
Microsoft Visual Studio Solution File, Format Version 12.00
# Visual Studio Version 17
VisualStudioVersion = 17.5.33530.505
MinimumVisualStudioVersion = 10.0.40219.1
Project("{9A19103F-16F7-4668-BE54-9A1E7A4F7556}") = "JordnærCase2023", "JordnærCase2023\JordnærCase2023.csproj", "{9271CE9E-5152-4C98-ABAF-6D18C9ADF560}"
EndProject
Project("{FAE04EC0-301F-11D3-BF4B-00C04F79EFBC}") = "EventTest", "EventTest\EventTest.csproj", "{5816A372-4216-4AAC-A00F-4957692238F7}"
EndProject
Global
	GlobalSection(SolutionConfigurationPlatforms) = preSolution
		Debug|Any CPU = Debug|Any CPU
		Release|Any CPU = Release|Any CPU
	EndGlobalSection
	GlobalSection(ProjectConfigurationPlatforms) = postSolution
		{9271CE9E-5152-4C98-ABAF-6D18C9ADF560}.Debug|Any CPU.ActiveCfg = Debug|Any CPU
		{9271CE9E-5152-4C98-ABAF-6D18C9ADF560}.Debug|Any CPU.Build.0 = Debug|Any CPU
		{9271CE9E-5152-4C98-ABAF-6D18C9ADF560}.Release|Any CPU.ActiveCfg = Release|Any CPU
		{9271CE9E-5152-4C98-ABAF-6D18C9ADF560}.Release|Any CPU.Build.0 = Release|Any CPU
		{5816A372-4216-4AAC-A00F-4957692238F7}.Debug|Any CPU.ActiveCfg = Debug|Any CPU
		{5816A372-4216-4AAC-A00F-4957692238F7}.Debug|Any CPU.Build.0 = Debug|Any CPU
		{5816A372-4216-4AAC-A00F-4957692238F7}.Release|Any CPU.ActiveCfg = Release|Any CPU
		{5816A372-4216-4AAC-A00F-4957692238F7}.Release|Any CPU.Build.0 = Release|Any CPU
	EndGlobalSection
	GlobalSection(SolutionProperties) = preSolution
		HideSolutionNode = FALSE
	EndGlobalSection
	GlobalSection(ExtensibilityGlobals) = postSolution
		SolutionGuid = {D8D1D466-985A-46A1-BD16-9EA6258E59F3}
	EndGlobalSection
EndGlobal
